{
  "name": "pj-wasm-demo",
  "version": "1.0.0",
  "lockfileVersion": 3,
  "requires": true,
  "packages": {
    "": {
      "name": "pj-wasm-demo",
      "version": "1.0.0",
      "license": "ISC",
      "dependencies": {
        "bitcoin-qr": "^1.4.1"
      }
    },
    "node_modules/bitcoin-qr": {
      "version": "1.4.1",
      "resolved": "https://registry.npmjs.org/bitcoin-qr/-/bitcoin-qr-1.4.1.tgz",
      "integrity": "sha512-IafTp8M1XmWHSuioBmxEFJ85uf/eL9JhQ0V+gALAoypa54Y1PwMyZG6PAzVvoFN3u5vlyetf+1BMu6m5ALiLdQ=="
    }
  }
}
